
Microsoft Visual Studio Solution File, Format Version 12.00
# Visual Studio Version 16
VisualStudioVersion = 16.0.29209.152
MinimumVisualStudioVersion = 10.0.40219.1
Project("{F2A71F9B-5D33-465A-A702-920D77279786}") = "FunctionStorageTest", "FunctionStorageTest\FunctionStorageTest.fsproj", "{3836063A-98CB-4027-8C16-1FBD00D63112}"
EndProject
Global
	GlobalSection(SolutionConfigurationPlatforms) = preSolution
		Debug|Any CPU = Debug|Any CPU
		Release|Any CPU = Release|Any CPU
	EndGlobalSection
	GlobalSection(ProjectConfigurationPlatforms) = postSolution
		{3836063A-98CB-4027-8C16-1FBD00D63112}.Debug|Any CPU.ActiveCfg = Debug|Any CPU
		{3836063A-98CB-4027-8C16-1FBD00D63112}.Debug|Any CPU.Build.0 = Debug|Any CPU
		{3836063A-98CB-4027-8C16-1FBD00D63112}.Release|Any CPU.ActiveCfg = Release|Any CPU
		{3836063A-98CB-4027-8C16-1FBD00D63112}.Release|Any CPU.Build.0 = Release|Any CPU
	EndGlobalSection
	GlobalSection(SolutionProperties) = preSolution
		HideSolutionNode = FALSE
	EndGlobalSection
	GlobalSection(ExtensibilityGlobals) = postSolution
		SolutionGuid = {973C455C-0FBF-4277-AD70-BAC4E4F5E987}
	EndGlobalSection
EndGlobal
